
Microsoft Visual Studio Solution File, Format Version 12.00
# Visual Studio Version 16
VisualStudioVersion = 16.0.31019.35
MinimumVisualStudioVersion = 10.0.40219.1
Project("{9A19103F-16F7-4668-BE54-9A1E7A4F7556}") = "CIDRS.API", "CIDRS.API\CIDRS.API.csproj", "{D71E51E6-1B34-48A9-94A1-B53AD84AA5DB}"
EndProject
Project("{9A19103F-16F7-4668-BE54-9A1E7A4F7556}") = "CIDRS.Infrastructure", "CIDRS.Infrastructure\CIDRS.Infrastructure.csproj", "{A066715F-57F7-4A5A-87AB-3E9DE075A8B2}"
EndProject
Project("{9A19103F-16F7-4668-BE54-9A1E7A4F7556}") = "CIDRS.Core", "CIDRS.Core\CIDRS.Core.csproj", "{88D1CED5-1B9D-4912-BAA0-9EE5E14BEC1F}"
EndProject
Project("{9A19103F-16F7-4668-BE54-9A1E7A4F7556}") = "CIDRS.Domain", "CIDRS.Domain\CIDRS.Domain.csproj", "{A51D7547-F833-4849-B63D-B51BDA1290BB}"
EndProject
Project("{2150E333-8FDC-42A3-9474-1A3956D46DE8}") = "Shared", "Shared", "{B9783966-D381-4926-8724-807520CEF626}"
EndProject
Project("{9A19103F-16F7-4668-BE54-9A1E7A4F7556}") = "CIDRS.Shared.Installer", "CIDRS.Shared.Installer\CIDRS.Shared.Installer.csproj", "{87A20E2E-AB4E-4249-B292-128B24CEEDA5}"
EndProject
Project("{9A19103F-16F7-4668-BE54-9A1E7A4F7556}") = "CIDRS.Identity", "CIDRS.Identity\CIDRS.Identity.csproj", "{C5DFC010-80FF-41D3-AF2E-045C375D771C}"
EndProject
Project("{2150E333-8FDC-42A3-9474-1A3956D46DE8}") = "Identity", "Identity", "{E3BEED3C-4F8A-42D1-BE5F-2C31F266DA7A}"
EndProject
Project("{9A19103F-16F7-4668-BE54-9A1E7A4F7556}") = "CIDRS.Identity.DefaultUserHandler", "CIDRS.Identity.DefaultUserHandler\CIDRS.Identity.DefaultUserHandler.csproj", "{57D8B183-288A-4B42-914F-2BF7FF36CEE1}"
EndProject
Project("{2150E333-8FDC-42A3-9474-1A3956D46DE8}") = "Common", "Common", "{0677CF17-2EBC-48B7-B103-E43D948F0ABE}"
EndProject
Project("{2150E333-8FDC-42A3-9474-1A3956D46DE8}") = "Middleware", "Middleware", "{B64EAC23-C22B-4DE1-9A4A-A3B088B7DBE8}"
EndProject
Project("{2150E333-8FDC-42A3-9474-1A3956D46DE8}") = "Utility", "Utility", "{35333814-C9B8-4B08-9648-5D6CC5E0F576}"
EndProject
Project("{9A19103F-16F7-4668-BE54-9A1E7A4F7556}") = "CIDRS.Shared.Common", "CIDRS.Shared.Common\CIDRS.Shared.Common.csproj", "{502CFE40-373C-4E18-B043-5FB6B2CF3C5A}"
EndProject
Project("{9A19103F-16F7-4668-BE54-9A1E7A4F7556}") = "CIDRS.Shared.Common.Helper", "CIDRS.Shared.Common.Helper\CIDRS.Shared.Common.Helper.csproj", "{FFC37647-24E1-43CB-ABB9-FA80D7C4F580}"
EndProject
Project("{9A19103F-16F7-4668-BE54-9A1E7A4F7556}") = "CIDRS.Shared.Common.Pagination", "CIDRS.Shared.Common.Pagination\CIDRS.Shared.Common.Pagination.csproj", "{F2A2F319-6192-48A5-A863-E329D2F3896C}"
EndProject
Project("{9A19103F-16F7-4668-BE54-9A1E7A4F7556}") = "CIDRS.Shared.Middleware.ExceptionHandler", "CIDRS.Shared.Middleware.ExceptionHandler\CIDRS.Shared.Middleware.ExceptionHandler.csproj", "{D5AED96E-6236-49F7-A188-20D38182B8E5}"
EndProject
Project("{9A19103F-16F7-4668-BE54-9A1E7A4F7556}") = "CIDRS.Shared.Utility.EmailManipulator", "CIDRS.Shared.Utility.EmailManipulator\CIDRS.Shared.Utility.EmailManipulator.csproj", "{AB188EBC-5E40-4046-8DC4-0C6BD235C256}"
EndProject
Project("{9A19103F-16F7-4668-BE54-9A1E7A4F7556}") = "CIDRS.Shared.Utility.FileManipulator", "CIDRS.Shared.Utility.FileManipulator\CIDRS.Shared.Utility.FileManipulator.csproj", "{E67A5F31-ABFC-457C-8E31-40BA23A21AE1}"
EndProject
Project("{9A19103F-16F7-4668-BE54-9A1E7A4F7556}") = "CIDRS.Identity.Domain", "CIDRS.Identity.Domain\CIDRS.Identity.Domain.csproj", "{62B97148-7936-456B-B204-9F284534A67F}"
EndProject
Project("{9A19103F-16F7-4668-BE54-9A1E7A4F7556}") = "CIDRS.Identity.Infrastructure", "CIDRS.Identity.Infrastructure\CIDRS.Identity.Infrastructure.csproj", "{BC203D4B-F5FF-4067-B79A-DCBAD4396B10}"
EndProject
Project("{9A19103F-16F7-4668-BE54-9A1E7A4F7556}") = "CIDRS.Shared.Common.Api", "CIDRS.Shared.Common.Api\CIDRS.Shared.Common.Api.csproj", "{C1CA047F-B835-4BA5-B518-E39ECA480C80}"
EndProject
Project("{9A19103F-16F7-4668-BE54-9A1E7A4F7556}") = "CIDRS.Shared.Utility.SmsManipulator", "CIDRS.Shared.Utility.SmsManipulator\CIDRS.Shared.Utility.SmsManipulator.csproj", "{F449B269-20B4-4E69-B90E-419E0794352D}"
EndProject
Global
	GlobalSection(SolutionConfigurationPlatforms) = preSolution
		Debug|Any CPU = Debug|Any CPU
		Release|Any CPU = Release|Any CPU
	EndGlobalSection
	GlobalSection(ProjectConfigurationPlatforms) = postSolution
		{D71E51E6-1B34-48A9-94A1-B53AD84AA5DB}.Debug|Any CPU.ActiveCfg = Debug|Any CPU
		{D71E51E6-1B34-48A9-94A1-B53AD84AA5DB}.Debug|Any CPU.Build.0 = Debug|Any CPU
		{D71E51E6-1B34-48A9-94A1-B53AD84AA5DB}.Release|Any CPU.ActiveCfg = Release|Any CPU
		{D71E51E6-1B34-48A9-94A1-B53AD84AA5DB}.Release|Any CPU.Build.0 = Release|Any CPU
		{A066715F-57F7-4A5A-87AB-3E9DE075A8B2}.Debug|Any CPU.ActiveCfg = Debug|Any CPU
		{A066715F-57F7-4A5A-87AB-3E9DE075A8B2}.Debug|Any CPU.Build.0 = Debug|Any CPU
		{A066715F-57F7-4A5A-87AB-3E9DE075A8B2}.Release|Any CPU.ActiveCfg = Release|Any CPU
		{A066715F-57F7-4A5A-87AB-3E9DE075A8B2}.Release|Any CPU.Build.0 = Release|Any CPU
		{88D1CED5-1B9D-4912-BAA0-9EE5E14BEC1F}.Debug|Any CPU.ActiveCfg = Debug|Any CPU
		{88D1CED5-1B9D-4912-BAA0-9EE5E14BEC1F}.Debug|Any CPU.Build.0 = Debug|Any CPU
		{88D1CED5-1B9D-4912-BAA0-9EE5E14BEC1F}.Release|Any CPU.ActiveCfg = Release|Any CPU
		{88D1CED5-1B9D-4912-BAA0-9EE5E14BEC1F}.Release|Any CPU.Build.0 = Release|Any CPU
		{A51D7547-F833-4849-B63D-B51BDA1290BB}.Debug|Any CPU.ActiveCfg = Debug|Any CPU
		{A51D7547-F833-4849-B63D-B51BDA1290BB}.Debug|Any CPU.Build.0 = Debug|Any CPU
		{A51D7547-F833-4849-B63D-B51BDA1290BB}.Release|Any CPU.ActiveCfg = Release|Any CPU
		{A51D7547-F833-4849-B63D-B51BDA1290BB}.Release|Any CPU.Build.0 = Release|Any CPU
		{87A20E2E-AB4E-4249-B292-128B24CEEDA5}.Debug|Any CPU.ActiveCfg = Debug|Any CPU
		{87A20E2E-AB4E-4249-B292-128B24CEEDA5}.Debug|Any CPU.Build.0 = Debug|Any CPU
		{87A20E2E-AB4E-4249-B292-128B24CEEDA5}.Release|Any CPU.ActiveCfg = Release|Any CPU
		{87A20E2E-AB4E-4249-B292-128B24CEEDA5}.Release|Any CPU.Build.0 = Release|Any CPU
		{C5DFC010-80FF-41D3-AF2E-045C375D771C}.Debug|Any CPU.ActiveCfg = Debug|Any CPU
		{C5DFC010-80FF-41D3-AF2E-045C375D771C}.Debug|Any CPU.Build.0 = Debug|Any CPU
		{C5DFC010-80FF-41D3-AF2E-045C375D771C}.Release|Any CPU.ActiveCfg = Release|Any CPU
		{C5DFC010-80FF-41D3-AF2E-045C375D771C}.Release|Any CPU.Build.0 = Release|Any CPU
		{57D8B183-288A-4B42-914F-2BF7FF36CEE1}.Debug|Any CPU.ActiveCfg = Debug|Any CPU
		{57D8B183-288A-4B42-914F-2BF7FF36CEE1}.Debug|Any CPU.Build.0 = Debug|Any CPU
		{57D8B183-288A-4B42-914F-2BF7FF36CEE1}.Release|Any CPU.ActiveCfg = Release|Any CPU
		{57D8B183-288A-4B42-914F-2BF7FF36CEE1}.Release|Any CPU.Build.0 = Release|Any CPU
		{502CFE40-373C-4E18-B043-5FB6B2CF3C5A}.Debug|Any CPU.ActiveCfg = Debug|Any CPU
		{502CFE40-373C-4E18-B043-5FB6B2CF3C5A}.Debug|Any CPU.Build.0 = Debug|Any CPU
		{502CFE40-373C-4E18-B043-5FB6B2CF3C5A}.Release|Any CPU.ActiveCfg = Release|Any CPU
		{502CFE40-373C-4E18-B043-5FB6B2CF3C5A}.Release|Any CPU.Build.0 = Release|Any CPU
		{FFC37647-24E1-43CB-ABB9-FA80D7C4F580}.Debug|Any CPU.ActiveCfg = Debug|Any CPU
		{FFC37647-24E1-43CB-ABB9-FA80D7C4F580}.Debug|Any CPU.Build.0 = Debug|Any CPU
		{FFC37647-24E1-43CB-ABB9-FA80D7C4F580}.Release|Any CPU.ActiveCfg = Release|Any CPU
		{FFC37647-24E1-43CB-ABB9-FA80D7C4F580}.Release|Any CPU.Build.0 = Release|Any CPU
		{F2A2F319-6192-48A5-A863-E329D2F3896C}.Debug|Any CPU.ActiveCfg = Debug|Any CPU
		{F2A2F319-6192-48A5-A863-E329D2F3896C}.Debug|Any CPU.Build.0 = Debug|Any CPU
		{F2A2F319-6192-48A5-A863-E329D2F3896C}.Release|Any CPU.ActiveCfg = Release|Any CPU
		{F2A2F319-6192-48A5-A863-E329D2F3896C}.Release|Any CPU.Build.0 = Release|Any CPU
		{D5AED96E-6236-49F7-A188-20D38182B8E5}.Debug|Any CPU.ActiveCfg = Debug|Any CPU
		{D5AED96E-6236-49F7-A188-20D38182B8E5}.Debug|Any CPU.Build.0 = Debug|Any CPU
		{D5AED96E-6236-49F7-A188-20D38182B8E5}.Release|Any CPU.ActiveCfg = Release|Any CPU
		{D5AED96E-6236-49F7-A188-20D38182B8E5}.Release|Any CPU.Build.0 = Release|Any CPU
		{AB188EBC-5E40-4046-8DC4-0C6BD235C256}.Debug|Any CPU.ActiveCfg = Debug|Any CPU
		{AB188EBC-5E40-4046-8DC4-0C6BD235C256}.Debug|Any CPU.Build.0 = Debug|Any CPU
		{AB188EBC-5E40-4046-8DC4-0C6BD235C256}.Release|Any CPU.ActiveCfg = Release|Any CPU
		{AB188EBC-5E40-4046-8DC4-0C6BD235C256}.Release|Any CPU.Build.0 = Release|Any CPU
		{E67A5F31-ABFC-457C-8E31-40BA23A21AE1}.Debug|Any CPU.ActiveCfg = Debug|Any CPU
		{E67A5F31-ABFC-457C-8E31-40BA23A21AE1}.Debug|Any CPU.Build.0 = Debug|Any CPU
		{E67A5F31-ABFC-457C-8E31-40BA23A21AE1}.Release|Any CPU.ActiveCfg = Release|Any CPU
		{E67A5F31-ABFC-457C-8E31-40BA23A21AE1}.Release|Any CPU.Build.0 = Release|Any CPU
		{62B97148-7936-456B-B204-9F284534A67F}.Debug|Any CPU.ActiveCfg = Debug|Any CPU
		{62B97148-7936-456B-B204-9F284534A67F}.Debug|Any CPU.Build.0 = Debug|Any CPU
		{62B97148-7936-456B-B204-9F284534A67F}.Release|Any CPU.ActiveCfg = Release|Any CPU
		{62B97148-7936-456B-B204-9F284534A67F}.Release|Any CPU.Build.0 = Release|Any CPU
		{BC203D4B-F5FF-4067-B79A-DCBAD4396B10}.Debug|Any CPU.ActiveCfg = Debug|Any CPU
		{BC203D4B-F5FF-4067-B79A-DCBAD4396B10}.Debug|Any CPU.Build.0 = Debug|Any CPU
		{BC203D4B-F5FF-4067-B79A-DCBAD4396B10}.Release|Any CPU.ActiveCfg = Release|Any CPU
		{BC203D4B-F5FF-4067-B79A-DCBAD4396B10}.Release|Any CPU.Build.0 = Release|Any CPU
		{C1CA047F-B835-4BA5-B518-E39ECA480C80}.Debug|Any CPU.ActiveCfg = Debug|Any CPU
		{C1CA047F-B835-4BA5-B518-E39ECA480C80}.Debug|Any CPU.Build.0 = Debug|Any CPU
		{C1CA047F-B835-4BA5-B518-E39ECA480C80}.Release|Any CPU.ActiveCfg = Release|Any CPU
		{C1CA047F-B835-4BA5-B518-E39ECA480C80}.Release|Any CPU.Build.0 = Release|Any CPU
		{F449B269-20B4-4E69-B90E-419E0794352D}.Debug|Any CPU.ActiveCfg = Debug|Any CPU
		{F449B269-20B4-4E69-B90E-419E0794352D}.Debug|Any CPU.Build.0 = Debug|Any CPU
		{F449B269-20B4-4E69-B90E-419E0794352D}.Release|Any CPU.ActiveCfg = Release|Any CPU
		{F449B269-20B4-4E69-B90E-419E0794352D}.Release|Any CPU.Build.0 = Release|Any CPU
	EndGlobalSection
	GlobalSection(SolutionProperties) = preSolution
		HideSolutionNode = FALSE
	EndGlobalSection
	GlobalSection(NestedProjects) = preSolution
		{87A20E2E-AB4E-4249-B292-128B24CEEDA5} = {B9783966-D381-4926-8724-807520CEF626}
		{C5DFC010-80FF-41D3-AF2E-045C375D771C} = {E3BEED3C-4F8A-42D1-BE5F-2C31F266DA7A}
		{57D8B183-288A-4B42-914F-2BF7FF36CEE1} = {E3BEED3C-4F8A-42D1-BE5F-2C31F266DA7A}
		{0677CF17-2EBC-48B7-B103-E43D948F0ABE} = {B9783966-D381-4926-8724-807520CEF626}
		{B64EAC23-C22B-4DE1-9A4A-A3B088B7DBE8} = {B9783966-D381-4926-8724-807520CEF626}
		{35333814-C9B8-4B08-9648-5D6CC5E0F576} = {B9783966-D381-4926-8724-807520CEF626}
		{502CFE40-373C-4E18-B043-5FB6B2CF3C5A} = {0677CF17-2EBC-48B7-B103-E43D948F0ABE}
		{FFC37647-24E1-43CB-ABB9-FA80D7C4F580} = {0677CF17-2EBC-48B7-B103-E43D948F0ABE}
		{F2A2F319-6192-48A5-A863-E329D2F3896C} = {0677CF17-2EBC-48B7-B103-E43D948F0ABE}
		{D5AED96E-6236-49F7-A188-20D38182B8E5} = {B64EAC23-C22B-4DE1-9A4A-A3B088B7DBE8}
		{AB188EBC-5E40-4046-8DC4-0C6BD235C256} = {35333814-C9B8-4B08-9648-5D6CC5E0F576}
		{E67A5F31-ABFC-457C-8E31-40BA23A21AE1} = {35333814-C9B8-4B08-9648-5D6CC5E0F576}
		{62B97148-7936-456B-B204-9F284534A67F} = {E3BEED3C-4F8A-42D1-BE5F-2C31F266DA7A}
		{BC203D4B-F5FF-4067-B79A-DCBAD4396B10} = {E3BEED3C-4F8A-42D1-BE5F-2C31F266DA7A}
		{C1CA047F-B835-4BA5-B518-E39ECA480C80} = {0677CF17-2EBC-48B7-B103-E43D948F0ABE}
		{F449B269-20B4-4E69-B90E-419E0794352D} = {35333814-C9B8-4B08-9648-5D6CC5E0F576}
	EndGlobalSection
	GlobalSection(ExtensibilityGlobals) = postSolution
		SolutionGuid = {BC2CDF7B-B8BD-4460-8544-CD5AAB3DEF1E}
	EndGlobalSection
EndGlobal
